// !$*UTF8*$!
{
	archiveVersion = 1;
	classes = {
	};
	objectVersion = 46;
	objects = {

/* Begin PBXBuildFile section */
		64A039941C0F782F000AE586 /* Tab.swift in Sources */ = {isa = PBXBuildFile; fileRef = 64A039931C0F782F000AE586 /* Tab.swift */; };
		64A039971C0F793A000AE586 /* UserStatus.swift in Sources */ = {isa = PBXBuildFile; fileRef = 64A039961C0F793A000AE586 /* UserStatus.swift */; };
		64A039991C0F7F34000AE586 /* Recommendations.swift in Sources */ = {isa = PBXBuildFile; fileRef = 64A039981C0F7F34000AE586 /* Recommendations.swift */; };
		64A0399B1C0F7F3E000AE586 /* MusicVC.swift in Sources */ = {isa = PBXBuildFile; fileRef = 64A0399A1C0F7F3E000AE586 /* MusicVC.swift */; };
		64A0399D1C0F7F4A000AE586 /* MusicDataManager.swift in Sources */ = {isa = PBXBuildFile; fileRef = 64A0399C1C0F7F4A000AE586 /* MusicDataManager.swift */; };
		64A039A01C0F7F75000AE586 /* RecommendationsDataManager.swift in Sources */ = {isa = PBXBuildFile; fileRef = 64A0399F1C0F7F75000AE586 /* RecommendationsDataManager.swift */; };
		64DC766B1BB4DB0000A459CE /* AppDelegate.swift in Sources */ = {isa = PBXBuildFile; fileRef = 64DC766A1BB4DB0000A459CE /* AppDelegate.swift */; };
		64DC766D1BB4DB0000A459CE /* Splash.swift in Sources */ = {isa = PBXBuildFile; fileRef = 64DC766C1BB4DB0000A459CE /* Splash.swift */; };
		64DC76701BB4DB0000A459CE /* Main.storyboard in Resources */ = {isa = PBXBuildFile; fileRef = 64DC766E1BB4DB0000A459CE /* Main.storyboard */; };
		64DC76731BB4DB0000A459CE /* COMP510___RE.xcdatamodeld in Sources */ = {isa = PBXBuildFile; fileRef = 64DC76711BB4DB0000A459CE /* COMP510___RE.xcdatamodeld */; };
		64DC76751BB4DB0000A459CE /* Assets.xcassets in Resources */ = {isa = PBXBuildFile; fileRef = 64DC76741BB4DB0000A459CE /* Assets.xcassets */; };
		64DC76781BB4DB0000A459CE /* LaunchScreen.storyboard in Resources */ = {isa = PBXBuildFile; fileRef = 64DC76761BB4DB0000A459CE /* LaunchScreen.storyboard */; };
		64DC76831BB4DB0000A459CE /* COMP510___RETests.swift in Sources */ = {isa = PBXBuildFile; fileRef = 64DC76821BB4DB0000A459CE /* COMP510___RETests.swift */; };
		64DC768E1BB4DB0000A459CE /* COMP510___REUITests.swift in Sources */ = {isa = PBXBuildFile; fileRef = 64DC768D1BB4DB0000A459CE /* COMP510___REUITests.swift */; };
		64DC769E1BB4FAE100A459CE /* User.swift in Sources */ = {isa = PBXBuildFile; fileRef = 64DC769D1BB4FAE100A459CE /* User.swift */; };
		A673E39D368EED19D1D62D91 /* Pods_COMP510___RE.framework in Frameworks */ = {isa = PBXBuildFile; fileRef = 659161D3C8682E17E050C580 /* Pods_COMP510___RE.framework */; };
/* End PBXBuildFile section */

/* Begin PBXContainerItemProxy section */
		64DC767F1BB4DB0000A459CE /* PBXContainerItemProxy */ = {
			isa = PBXContainerItemProxy;
			containerPortal = 64DC765F1BB4DB0000A459CE /* Project object */;
			proxyType = 1;
			remoteGlobalIDString = 64DC76661BB4DB0000A459CE;
			remoteInfo = "COMP510 - RE";
		};
		64DC768A1BB4DB0000A459CE /* PBXContainerItemProxy */ = {
			isa = PBXContainerItemProxy;
			containerPortal = 64DC765F1BB4DB0000A459CE /* Project object */;
			proxyType = 1;
			remoteGlobalIDString = 64DC76661BB4DB0000A459CE;
			remoteInfo = "COMP510 - RE";
		};
/* End PBXContainerItemProxy section */

/* Begin PBXFileReference section */
		64A039931C0F782F000AE586 /* Tab.swift */ = {isa = PBXFileReference; fileEncoding = 4; lastKnownFileType = sourcecode.swift; path = Tab.swift; sourceTree = "<group>"; };
		64A039961C0F793A000AE586 /* UserStatus.swift */ = {isa = PBXFileReference; fileEncoding = 4; lastKnownFileType = sourcecode.swift; path = UserStatus.swift; sourceTree = "<group>"; };
		64A039981C0F7F34000AE586 /* Recommendations.swift */ = {isa = PBXFileReference; fileEncoding = 4; lastKnownFileType = sourcecode.swift; path = Recommendations.swift; sourceTree = "<group>"; };
		64A0399A1C0F7F3E000AE586 /* MusicVC.swift */ = {isa = PBXFileReference; fileEncoding = 4; lastKnownFileType = sourcecode.swift; path = MusicVC.swift; sourceTree = "<group>"; };
		64A0399C1C0F7F4A000AE586 /* MusicDataManager.swift */ = {isa = PBXFileReference; fileEncoding = 4; lastKnownFileType = sourcecode.swift; path = MusicDataManager.swift; sourceTree = "<group>"; };
		64A0399F1C0F7F75000AE586 /* RecommendationsDataManager.swift */ = {isa = PBXFileReference; fileEncoding = 4; lastKnownFileType = sourcecode.swift; path = RecommendationsDataManager.swift; sourceTree = "<group>"; };
		64DC76671BB4DB0000A459CE /* COMP510 - RE.app */ = {isa = PBXFileReference; explicitFileType = wrapper.application; includeInIndex = 0; path = "COMP510 - RE.app"; sourceTree = BUILT_PRODUCTS_DIR; };
		64DC766A1BB4DB0000A459CE /* AppDelegate.swift */ = {isa = PBXFileReference; lastKnownFileType = sourcecode.swift; path = AppDelegate.swift; sourceTree = "<group>"; };
		64DC766C1BB4DB0000A459CE /* Splash.swift */ = {isa = PBXFileReference; lastKnownFileType = sourcecode.swift; path = Splash.swift; sourceTree = "<group>"; };
		64DC766F1BB4DB0000A459CE /* Base */ = {isa = PBXFileReference; lastKnownFileType = file.storyboard; name = Base; path = Base.lproj/Main.storyboard; sourceTree = "<group>"; };
		64DC76721BB4DB0000A459CE /* COMP510___RE.xcdatamodel */ = {isa = PBXFileReference; lastKnownFileType = wrapper.xcdatamodel; path = "COMP510___RE.xcdatamodel"; sourceTree = "<group>"; };
		64DC76741BB4DB0000A459CE /* Assets.xcassets */ = {isa = PBXFileReference; lastKnownFileType = folder.assetcatalog; path = Assets.xcassets; sourceTree = "<group>"; };
		64DC76771BB4DB0000A459CE /* Base */ = {isa = PBXFileReference; lastKnownFileType = file.storyboard; name = Base; path = Base.lproj/LaunchScreen.storyboard; sourceTree = "<group>"; };
		64DC76791BB4DB0000A459CE /* Info.plist */ = {isa = PBXFileReference; lastKnownFileType = text.plist.xml; path = Info.plist; sourceTree = "<group>"; };
		64DC767E1BB4DB0000A459CE /* COMP510 - RETests.xctest */ = {isa = PBXFileReference; explicitFileType = wrapper.cfbundle; includeInIndex = 0; path = "COMP510 - RETests.xctest"; sourceTree = BUILT_PRODUCTS_DIR; };
		64DC76821BB4DB0000A459CE /* COMP510___RETests.swift */ = {isa = PBXFileReference; lastKnownFileType = sourcecode.swift; path = "COMP510___RETests.swift"; sourceTree = "<group>"; };
		64DC76841BB4DB0000A459CE /* Info.plist */ = {isa = PBXFileReference; lastKnownFileType = text.plist.xml; path = Info.plist; sourceTree = "<group>"; };
		64DC76891BB4DB0000A459CE /* COMP510 - REUITests.xctest */ = {isa = PBXFileReference; explicitFileType = wrapper.cfbundle; includeInIndex = 0; path = "COMP510 - REUITests.xctest"; sourceTree = BUILT_PRODUCTS_DIR; };
		64DC768D1BB4DB0000A459CE /* COMP510___REUITests.swift */ = {isa = PBXFileReference; lastKnownFileType = sourcecode.swift; path = "COMP510___REUITests.swift"; sourceTree = "<group>"; };
		64DC768F1BB4DB0000A459CE /* Info.plist */ = {isa = PBXFileReference; lastKnownFileType = text.plist.xml; path = Info.plist; sourceTree = "<group>"; };
		64DC769D1BB4FAE100A459CE /* User.swift */ = {isa = PBXFileReference; fileEncoding = 4; lastKnownFileType = sourcecode.swift; path = User.swift; sourceTree = "<group>"; };
		659161D3C8682E17E050C580 /* Pods_COMP510___RE.framework */ = {isa = PBXFileReference; explicitFileType = wrapper.framework; includeInIndex = 0; path = "Pods_COMP510___RE.framework"; sourceTree = BUILT_PRODUCTS_DIR; };
		65B220B913FA7A8ABE29C620 /* Pods-COMP510 - RE.release.xcconfig */ = {isa = PBXFileReference; includeInIndex = 1; lastKnownFileType = text.xcconfig; name = "Pods-COMP510 - RE.release.xcconfig"; path = "Pods/Target Support Files/Pods-COMP510 - RE/Pods-COMP510 - RE.release.xcconfig"; sourceTree = "<group>"; };
		92DE213515A5C57D5189A818 /* Pods-COMP510 - RE.debug.xcconfig */ = {isa = PBXFileReference; includeInIndex = 1; lastKnownFileType = text.xcconfig; name = "Pods-COMP510 - RE.debug.xcconfig"; path = "Pods/Target Support Files/Pods-COMP510 - RE/Pods-COMP510 - RE.debug.xcconfig"; sourceTree = "<group>"; };
/* End PBXFileReference section */

/* Begin PBXFrameworksBuildPhase section */
		64DC76641BB4DB0000A459CE /* Frameworks */ = {
			isa = PBXFrameworksBuildPhase;
			buildActionMask = 2147483647;
			files = (
				A673E39D368EED19D1D62D91 /* Pods_COMP510___RE.framework in Frameworks */,
			);
			runOnlyForDeploymentPostprocessing = 0;
		};
		64DC767B1BB4DB0000A459CE /* Frameworks */ = {
			isa = PBXFrameworksBuildPhase;
			buildActionMask = 2147483647;
			files = (
			);
			runOnlyForDeploymentPostprocessing = 0;
		};
		64DC76861BB4DB0000A459CE /* Frameworks */ = {
			isa = PBXFrameworksBuildPhase;
			buildActionMask = 2147483647;
			files = (
			);
			runOnlyForDeploymentPostprocessing = 0;
		};
/* End PBXFrameworksBuildPhase section */

/* Begin PBXGroup section */
		64A039951C0F792E000AE586 /* Singletons */ = {
			isa = PBXGroup;
			children = (
				64A039961C0F793A000AE586 /* UserStatus.swift */,
			);
			name = Singletons;
			sourceTree = "<group>";
		};
		64A0399E1C0F7F5B000AE586 /* DataManagers */ = {
			isa = PBXGroup;
			children = (
				64A0399C1C0F7F4A000AE586 /* MusicDataManager.swift */,
				64A0399F1C0F7F75000AE586 /* RecommendationsDataManager.swift */,
			);
			name = DataManagers;
			sourceTree = "<group>";
		};
		64DC765E1BB4DB0000A459CE = {
			isa = PBXGroup;
			children = (
				64DC76691BB4DB0000A459CE /* COMP510 - RE */,
				64DC76811BB4DB0000A459CE /* COMP510 - RETests */,
				64DC768C1BB4DB0000A459CE /* COMP510 - REUITests */,
				64DC76681BB4DB0000A459CE /* Products */,
				D89C8E876395FAC135E2DDBC /* Pods */,
				933046A38D5E780FE3DBB887 /* Frameworks */,
			);
			sourceTree = "<group>";
		};
		64DC76681BB4DB0000A459CE /* Products */ = {
			isa = PBXGroup;
			children = (
				64DC76671BB4DB0000A459CE /* COMP510 - RE.app */,
				64DC767E1BB4DB0000A459CE /* COMP510 - RETests.xctest */,
				64DC76891BB4DB0000A459CE /* COMP510 - REUITests.xctest */,
			);
			name = Products;
			sourceTree = "<group>";
		};
		64DC76691BB4DB0000A459CE /* COMP510 - RE */ = {
			isa = PBXGroup;
			children = (
				64A0399E1C0F7F5B000AE586 /* DataManagers */,
				64A039951C0F792E000AE586 /* Singletons */,
				64DC769C1BB4FA2800A459CE /* Controller */,
				64DC769B1BB4FA2200A459CE /* Model */,
				64DC766A1BB4DB0000A459CE /* AppDelegate.swift */,
				64DC766E1BB4DB0000A459CE /* Main.storyboard */,
				64DC76741BB4DB0000A459CE /* Assets.xcassets */,
				64DC76761BB4DB0000A459CE /* LaunchScreen.storyboard */,
				64DC76791BB4DB0000A459CE /* Info.plist */,
				64DC76711BB4DB0000A459CE /* COMP510___RE.xcdatamodeld */,
			);
			path = "COMP510 - RE";
			sourceTree = "<group>";
		};
		64DC76811BB4DB0000A459CE /* COMP510 - RETests */ = {
			isa = PBXGroup;
			children = (
				64DC76821BB4DB0000A459CE /* COMP510___RETests.swift */,
				64DC76841BB4DB0000A459CE /* Info.plist */,
			);
			path = "COMP510 - RETests";
			sourceTree = "<group>";
		};
		64DC768C1BB4DB0000A459CE /* COMP510 - REUITests */ = {
			isa = PBXGroup;
			children = (
				64DC768D1BB4DB0000A459CE /* COMP510___REUITests.swift */,
				64DC768F1BB4DB0000A459CE /* Info.plist */,
			);
			path = "COMP510 - REUITests";
			sourceTree = "<group>";
		};
		64DC769B1BB4FA2200A459CE /* Model */ = {
			isa = PBXGroup;
			children = (
				64DC769D1BB4FAE100A459CE /* User.swift */,
			);
			name = Model;
			sourceTree = "<group>";
		};
		64DC769C1BB4FA2800A459CE /* Controller */ = {
			isa = PBXGroup;
			children = (
				64DC766C1BB4DB0000A459CE /* Splash.swift */,
				64A039931C0F782F000AE586 /* Tab.swift */,
				64A039981C0F7F34000AE586 /* Recommendations.swift */,
				64A0399A1C0F7F3E000AE586 /* MusicVC.swift */,
			);
			name = Controller;
			sourceTree = "<group>";
		};
		933046A38D5E780FE3DBB887 /* Frameworks */ = {
			isa = PBXGroup;
			children = (
				659161D3C8682E17E050C580 /* Pods_COMP510___RE.framework */,
			);
			name = Frameworks;
			sourceTree = "<group>";
		};
		D89C8E876395FAC135E2DDBC /* Pods */ = {
			isa = PBXGroup;
			children = (
				92DE213515A5C57D5189A818 /* Pods-COMP510 - RE.debug.xcconfig */,
				65B220B913FA7A8ABE29C620 /* Pods-COMP510 - RE.release.xcconfig */,
			);
			name = Pods;
			sourceTree = "<group>";
		};
/* End PBXGroup section */

/* Begin PBXNativeTarget section */
		64DC76661BB4DB0000A459CE /* COMP510 - RE */ = {
			isa = PBXNativeTarget;
			buildConfigurationList = 64DC76921BB4DB0000A459CE /* Build configuration list for PBXNativeTarget "COMP510 - RE" */;
			buildPhases = (
				21321FC83C1DB46FC7FAC4EF /* Check Pods Manifest.lock */,
				64DC76631BB4DB0000A459CE /* Sources */,
				64DC76641BB4DB0000A459CE /* Frameworks */,
				64DC76651BB4DB0000A459CE /* Resources */,
				A91AC9AD044CA5918957659F /* Embed Pods Frameworks */,
				40222EC5EB002D60C6B7382F /* Copy Pods Resources */,
			);
			buildRules = (
			);
			dependencies = (
			);
			name = "COMP510 - RE";
			productName = "COMP510 - RE";
			productReference = 64DC76671BB4DB0000A459CE /* COMP510 - RE.app */;
			productType = "com.apple.product-type.application";
		};
		64DC767D1BB4DB0000A459CE /* COMP510 - RETests */ = {
			isa = PBXNativeTarget;
			buildConfigurationList = 64DC76951BB4DB0000A459CE /* Build configuration list for PBXNativeTarget "COMP510 - RETests" */;
			buildPhases = (
				64DC767A1BB4DB0000A459CE /* Sources */,
				64DC767B1BB4DB0000A459CE /* Frameworks */,
				64DC767C1BB4DB0000A459CE /* Resources */,
			);
			buildRules = (
			);
			dependencies = (
				64DC76801BB4DB0000A459CE /* PBXTargetDependency */,
			);
			name = "COMP510 - RETests";
			productName = "COMP510 - RETests";
			productReference = 64DC767E1BB4DB0000A459CE /* COMP510 - RETests.xctest */;
			productType = "com.apple.product-type.bundle.unit-test";
		};
		64DC76881BB4DB0000A459CE /* COMP510 - REUITests */ = {
			isa = PBXNativeTarget;
			buildConfigurationList = 64DC76981BB4DB0000A459CE /* Build configuration list for PBXNativeTarget "COMP510 - REUITests" */;
			buildPhases = (
				64DC76851BB4DB0000A459CE /* Sources */,
				64DC76861BB4DB0000A459CE /* Frameworks */,
				64DC76871BB4DB0000A459CE /* Resources */,
			);
			buildRules = (
			);
			dependencies = (
				64DC768B1BB4DB0000A459CE /* PBXTargetDependency */,
			);
			name = "COMP510 - REUITests";
			productName = "COMP510 - REUITests";
			productReference = 64DC76891BB4DB0000A459CE /* COMP510 - REUITests.xctest */;
			productType = "com.apple.product-type.bundle.ui-testing";
		};
/* End PBXNativeTarget section */

/* Begin PBXProject section */
		64DC765F1BB4DB0000A459CE /* Project object */ = {
			isa = PBXProject;
			attributes = {
				LastUpgradeCheck = 0700;
				ORGANIZATIONNAME = COMP510;
				TargetAttributes = {
					64DC76661BB4DB0000A459CE = {
						CreatedOnToolsVersion = 7.0;
					};
					64DC767D1BB4DB0000A459CE = {
						CreatedOnToolsVersion = 7.0;
						TestTargetID = 64DC76661BB4DB0000A459CE;
					};
					64DC76881BB4DB0000A459CE = {
						CreatedOnToolsVersion = 7.0;
						TestTargetID = 64DC76661BB4DB0000A459CE;
					};
				};
			};
			buildConfigurationList = 64DC76621BB4DB0000A459CE /* Build configuration list for PBXProject "COMP510 - RE" */;
			compatibilityVersion = "Xcode 3.2";
			developmentRegion = English;
			hasScannedForEncodings = 0;
			knownRegions = (
				en,
				Base,
			);
			mainGroup = 64DC765E1BB4DB0000A459CE;
			productRefGroup = 64DC76681BB4DB0000A459CE /* Products */;
			projectDirPath = "";
			projectRoot = "";
			targets = (
				64DC76661BB4DB0000A459CE /* COMP510 - RE */,
				64DC767D1BB4DB0000A459CE /* COMP510 - RETests */,
				64DC76881BB4DB0000A459CE /* COMP510 - REUITests */,
			);
		};
/* End PBXProject section */

/* Begin PBXResourcesBuildPhase section */
		64DC76651BB4DB0000A459CE /* Resources */ = {
			isa = PBXResourcesBuildPhase;
			buildActionMask = 2147483647;
			files = (
				64DC76781BB4DB0000A459CE /* LaunchScreen.storyboard in Resources */,
				64DC76751BB4DB0000A459CE /* Assets.xcassets in Resources */,
				64DC76701BB4DB0000A459CE /* Main.storyboard in Resources */,
			);
			runOnlyForDeploymentPostprocessing = 0;
		};
		64DC767C1BB4DB0000A459CE /* Resources */ = {
			isa = PBXResourcesBuildPhase;
			buildActionMask = 2147483647;
			files = (
			);
			runOnlyForDeploymentPostprocessing = 0;
		};
		64DC76871BB4DB0000A459CE /* Resources */ = {
			isa = PBXResourcesBuildPhase;
			buildActionMask = 2147483647;
			files = (
			);
			runOnlyForDeploymentPostprocessing = 0;
		};
/* End PBXResourcesBuildPhase section */

/* Begin PBXShellScriptBuildPhase section */
		21321FC83C1DB46FC7FAC4EF /* Check Pods Manifest.lock */ = {
			isa = PBXShellScriptBuildPhase;
			buildActionMask = 2147483647;
			files = (
			);
			inputPaths = (
			);
			name = "Check Pods Manifest.lock";
			outputPaths = (
			);
			runOnlyForDeploymentPostprocessing = 0;
			shellPath = /bin/sh;
			shellScript = "diff \"${PODS_ROOT}/../Podfile.lock\" \"${PODS_ROOT}/Manifest.lock\" > /dev/null\nif [[ $? != 0 ]] ; then\n    cat << EOM\nerror: The sandbox is not in sync with the Podfile.lock. Run 'pod install' or update your CocoaPods installation.\nEOM\n    exit 1\nfi\n";
			showEnvVarsInLog = 0;
		};
		40222EC5EB002D60C6B7382F /* Copy Pods Resources */ = {
			isa = PBXShellScriptBuildPhase;
			buildActionMask = 2147483647;
			files = (
			);
			inputPaths = (
			);
			name = "Copy Pods Resources";
			outputPaths = (
			);
			runOnlyForDeploymentPostprocessing = 0;
			shellPath = /bin/sh;
			shellScript = "\"${SRCROOT}/Pods/Target Support Files/Pods-COMP510 - RE/Pods-COMP510 - RE-resources.sh\"\n";
			showEnvVarsInLog = 0;
		};
		A91AC9AD044CA5918957659F /* Embed Pods Frameworks */ = {
			isa = PBXShellScriptBuildPhase;
			buildActionMask = 2147483647;
			files = (
			);
			inputPaths = (
			);
			name = "Embed Pods Frameworks";
			outputPaths = (
			);
			runOnlyForDeploymentPostprocessing = 0;
			shellPath = /bin/sh;
			shellScript = "\"${SRCROOT}/Pods/Target Support Files/Pods-COMP510 - RE/Pods-COMP510 - RE-frameworks.sh\"\n";
			showEnvVarsInLog = 0;
		};
/* End PBXShellScriptBuildPhase section */

/* Begin PBXSourcesBuildPhase section */
		64DC76631BB4DB0000A459CE /* Sources */ = {
			isa = PBXSourcesBuildPhase;
			buildActionMask = 2147483647;
			files = (
				64DC769E1BB4FAE100A459CE /* User.swift in Sources */,
				64DC766D1BB4DB0000A459CE /* Splash.swift in Sources */,
				64A0399B1C0F7F3E000AE586 /* MusicVC.swift in Sources */,
				64A0399D1C0F7F4A000AE586 /* MusicDataManager.swift in Sources */,
				64A039941C0F782F000AE586 /* Tab.swift in Sources */,
				64DC76731BB4DB0000A459CE /* COMP510___RE.xcdatamodeld in Sources */,
				64A039A01C0F7F75000AE586 /* RecommendationsDataManager.swift in Sources */,
				64A039991C0F7F34000AE586 /* Recommendations.swift in Sources */,
				64A039971C0F793A000AE586 /* UserStatus.swift in Sources */,
				64DC766B1BB4DB0000A459CE /* AppDelegate.swift in Sources */,
			);
			runOnlyForDeploymentPostprocessing = 0;
		};
		64DC767A1BB4DB0000A459CE /* Sources */ = {
			isa = PBXSourcesBuildPhase;
			buildActionMask = 2147483647;
			files = (
				64DC76831BB4DB0000A459CE /* COMP510___RETests.swift in Sources */,
			);
			runOnlyForDeploymentPostprocessing = 0;
		};
		64DC76851BB4DB0000A459CE /* Sources */ = {
			isa = PBXSourcesBuildPhase;
			buildActionMask = 2147483647;
			files = (
				64DC768E1BB4DB0000A459CE /* COMP510___REUITests.swift in Sources */,
			);
			runOnlyForDeploymentPostprocessing = 0;
		};
/* End PBXSourcesBuildPhase section */

/* Begin PBXTargetDependency section */
		64DC76801BB4DB0000A459CE /* PBXTargetDependency */ = {
			isa = PBXTargetDependency;
			target = 64DC76661BB4DB0000A459CE /* COMP510 - RE */;
			targetProxy = 64DC767F1BB4DB0000A459CE /* PBXContainerItemProxy */;
		};
		64DC768B1BB4DB0000A459CE /* PBXTargetDependency */ = {
			isa = PBXTargetDependency;
			target = 64DC76661BB4DB0000A459CE /* COMP510 - RE */;
			targetProxy = 64DC768A1BB4DB0000A459CE /* PBXContainerItemProxy */;
		};
/* End PBXTargetDependency section */

/* Begin PBXVariantGroup section */
		64DC766E1BB4DB0000A459CE /* Main.storyboard */ = {
			isa = PBXVariantGroup;
			children = (
				64DC766F1BB4DB0000A459CE /* Base */,
			);
			name = Main.storyboard;
			sourceTree = "<group>";
		};
		64DC76761BB4DB0000A459CE /* LaunchScreen.storyboard */ = {
			isa = PBXVariantGroup;
			children = (
				64DC76771BB4DB0000A459CE /* Base */,
			);
			name = LaunchScreen.storyboard;
			sourceTree = "<group>";
		};
/* End PBXVariantGroup section */

/* Begin XCBuildConfiguration section */
		64DC76901BB4DB0000A459CE /* Debug */ = {
			isa = XCBuildConfiguration;
			buildSettings = {
				ALWAYS_SEARCH_USER_PATHS = NO;
				CLANG_CXX_LANGUAGE_STANDARD = "gnu++0x";
				CLANG_CXX_LIBRARY = "libc++";
				CLANG_ENABLE_MODULES = YES;
				CLANG_ENABLE_OBJC_ARC = YES;
				CLANG_WARN_BOOL_CONVERSION = YES;
				CLANG_WARN_CONSTANT_CONVERSION = YES;
				CLANG_WARN_DIRECT_OBJC_ISA_USAGE = YES_ERROR;
				CLANG_WARN_EMPTY_BODY = YES;
				CLANG_WARN_ENUM_CONVERSION = YES;
				CLANG_WARN_INT_CONVERSION = YES;
				CLANG_WARN_OBJC_ROOT_CLASS = YES_ERROR;
				CLANG_WARN_UNREACHABLE_CODE = YES;
				CLANG_WARN__DUPLICATE_METHOD_MATCH = YES;
				"CODE_SIGN_IDENTITY[sdk=iphoneos*]" = "iPhone Developer";
				COPY_PHASE_STRIP = NO;
				DEBUG_INFORMATION_FORMAT = dwarf;
				ENABLE_STRICT_OBJC_MSGSEND = YES;
				ENABLE_TESTABILITY = YES;
				GCC_C_LANGUAGE_STANDARD = gnu99;
				GCC_DYNAMIC_NO_PIC = NO;
				GCC_NO_COMMON_BLOCKS = YES;
				GCC_OPTIMIZATION_LEVEL = 0;
				GCC_PREPROCESSOR_DEFINITIONS = (
					"DEBUG=1",
					"$(inherited)",
				);
				GCC_WARN_64_TO_32_BIT_CONVERSION = YES;
				GCC_WARN_ABOUT_RETURN_TYPE = YES_ERROR;
				GCC_WARN_UNDECLARED_SELECTOR = YES;
				GCC_WARN_UNINITIALIZED_AUTOS = YES_AGGRESSIVE;
				GCC_WARN_UNUSED_FUNCTION = YES;
				GCC_WARN_UNUSED_VARIABLE = YES;
				IPHONEOS_DEPLOYMENT_TARGET = 9.0;
				MTL_ENABLE_DEBUG_INFO = YES;
				ONLY_ACTIVE_ARCH = YES;
				SDKROOT = iphoneos;
				SWIFT_OPTIMIZATION_LEVEL = "-Onone";
			};
			name = Debug;
		};
		64DC76911BB4DB0000A459CE /* Release */ = {
			isa = XCBuildConfiguration;
			buildSettings = {
				ALWAYS_SEARCH_USER_PATHS = NO;
				CLANG_CXX_LANGUAGE_STANDARD = "gnu++0x";
				CLANG_CXX_LIBRARY = "libc++";
				CLANG_ENABLE_MODULES = YES;
				CLANG_ENABLE_OBJC_ARC = YES;
				CLANG_WARN_BOOL_CONVERSION = YES;
				CLANG_WARN_CONSTANT_CONVERSION = YES;
				CLANG_WARN_DIRECT_OBJC_ISA_USAGE = YES_ERROR;
				CLANG_WARN_EMPTY_BODY = YES;
				CLANG_WARN_ENUM_CONVERSION = YES;
				CLANG_WARN_INT_CONVERSION = YES;
				CLANG_WARN_OBJC_ROOT_CLASS = YES_ERROR;
				CLANG_WARN_UNREACHABLE_CODE = YES;
				CLANG_WARN__DUPLICATE_METHOD_MATCH = YES;
				"CODE_SIGN_IDENTITY[sdk=iphoneos*]" = "iPhone Developer";
				COPY_PHASE_STRIP = NO;
				DEBUG_INFORMATION_FORMAT = "dwarf-with-dsym";
				ENABLE_NS_ASSERTIONS = NO;
				ENABLE_STRICT_OBJC_MSGSEND = YES;
				GCC_C_LANGUAGE_STANDARD = gnu99;
				GCC_NO_COMMON_BLOCKS = YES;
				GCC_WARN_64_TO_32_BIT_CONVERSION = YES;
				GCC_WARN_ABOUT_RETURN_TYPE = YES_ERROR;
				GCC_WARN_UNDECLARED_SELECTOR = YES;
				GCC_WARN_UNINITIALIZED_AUTOS = YES_AGGRESSIVE;
				GCC_WARN_UNUSED_FUNCTION = YES;
				GCC_WARN_UNUSED_VARIABLE = YES;
				IPHONEOS_DEPLOYMENT_TARGET = 9.0;
				MTL_ENABLE_DEBUG_INFO = NO;
				SDKROOT = iphoneos;
				VALIDATE_PRODUCT = YES;
			};
			name = Release;
		};
		64DC76931BB4DB0000A459CE /* Debug */ = {
			isa = XCBuildConfiguration;
			baseConfigurationReference = 92DE213515A5C57D5189A818 /* Pods-COMP510 - RE.debug.xcconfig */;
			buildSettings = {
				ASSETCATALOG_COMPILER_APPICON_NAME = AppIcon;
				INFOPLIST_FILE = "COMP510 - RE/Info.plist";
				LD_RUNPATH_SEARCH_PATHS = "$(inherited) @executable_path/Frameworks";
				PRODUCT_BUNDLE_IDENTIFIER = "com.danksite.COMP510---RE";
				PRODUCT_NAME = "$(TARGET_NAME)";
			};
			name = Debug;
		};
		64DC76941BB4DB0000A459CE /* Release */ = {
			isa = XCBuildConfiguration;
			baseConfigurationReference = 65B220B913FA7A8ABE29C620 /* Pods-COMP510 - RE.release.xcconfig */;
			buildSettings = {
				ASSETCATALOG_COMPILER_APPICON_NAME = AppIcon;
				INFOPLIST_FILE = "COMP510 - RE/Info.plist";
				LD_RUNPATH_SEARCH_PATHS = "$(inherited) @executable_path/Frameworks";
				PRODUCT_BUNDLE_IDENTIFIER = "com.danksite.COMP510---RE";
				PRODUCT_NAME = "$(TARGET_NAME)";
			};
			name = Release;
		};
		64DC76961BB4DB0000A459CE /* Debug */ = {
			isa = XCBuildConfiguration;
			buildSettings = {
				BUNDLE_LOADER = "$(TEST_HOST)";
				INFOPLIST_FILE = "COMP510 - RETests/Info.plist";
				LD_RUNPATH_SEARCH_PATHS = "$(inherited) @executable_path/Frameworks @loader_path/Frameworks";
				PRODUCT_BUNDLE_IDENTIFIER = "com.danksite.COMP510---RETests";
				PRODUCT_NAME = "$(TARGET_NAME)";
				TEST_HOST = "$(BUILT_PRODUCTS_DIR)/COMP510 - RE.app/COMP510 - RE";
			};
			name = Debug;
		};
		64DC76971BB4DB0000A459CE /* Release */ = {
			isa = XCBuildConfiguration;
			buildSettings = {
				BUNDLE_LOADER = "$(TEST_HOST)";
				INFOPLIST_FILE = "COMP510 - RETests/Info.plist";
				LD_RUNPATH_SEARCH_PATHS = "$(inherited) @executable_path/Frameworks @loader_path/Frameworks";
				PRODUCT_BUNDLE_IDENTIFIER = "com.danksite.COMP510---RETests";
				PRODUCT_NAME = "$(TARGET_NAME)";
				TEST_HOST = "$(BUILT_PRODUCTS_DIR)/COMP510 - RE.app/COMP510 - RE";
			};
			name = Release;
		};
		64DC76991BB4DB0000A459CE /* Debug */ = {
			isa = XCBuildConfiguration;
			buildSettings = {
				INFOPLIST_FILE = "COMP510 - REUITests/Info.plist";
				LD_RUNPATH_SEARCH_PATHS = "$(inherited) @executable_path/Frameworks @loader_path/Frameworks";
				PRODUCT_BUNDLE_IDENTIFIER = "com.danksite.COMP510---REUITests";
				PRODUCT_NAME = "$(TARGET_NAME)";
				TEST_TARGET_NAME = "COMP510 - RE";
				USES_XCTRUNNER = YES;
			};
			name = Debug;
		};
		64DC769A1BB4DB0000A459CE /* Release */ = {
			isa = XCBuildConfiguration;
			buildSettings = {
				INFOPLIST_FILE = "COMP510 - REUITests/Info.plist";
				LD_RUNPATH_SEARCH_PATHS = "$(inherited) @executable_path/Frameworks @loader_path/Frameworks";
				PRODUCT_BUNDLE_IDENTIFIER = "com.danksite.COMP510---REUITests";
				PRODUCT_NAME = "$(TARGET_NAME)";
				TEST_TARGET_NAME = "COMP510 - RE";
				USES_XCTRUNNER = YES;
			};
			name = Release;
		};
/* End XCBuildConfiguration section */

/* Begin XCConfigurationList section */
		64DC76621BB4DB0000A459CE /* Build configuration list for PBXProject "COMP510 - RE" */ = {
			isa = XCConfigurationList;
			buildConfigurations = (
				64DC76901BB4DB0000A459CE /* Debug */,
				64DC76911BB4DB0000A459CE /* Release */,
			);
			defaultConfigurationIsVisible = 0;
			defaultConfigurationName = Release;
		};
		64DC76921BB4DB0000A459CE /* Build configuration list for PBXNativeTarget "COMP510 - RE" */ = {
			isa = XCConfigurationList;
			buildConfigurations = (
				64DC76931BB4DB0000A459CE /* Debug */,
				64DC76941BB4DB0000A459CE /* Release */,
			);
			defaultConfigurationIsVisible = 0;
			defaultConfigurationName = Release;
		};
		64DC76951BB4DB0000A459CE /* Build configuration list for PBXNativeTarget "COMP510 - RETests" */ = {
			isa = XCConfigurationList;
			buildConfigurations = (
				64DC76961BB4DB0000A459CE /* Debug */,
				64DC76971BB4DB0000A459CE /* Release */,
			);
			defaultConfigurationIsVisible = 0;
			defaultConfigurationName = Release;
		};
		64DC76981BB4DB0000A459CE /* Build configuration list for PBXNativeTarget "COMP510 - REUITests" */ = {
			isa = XCConfigurationList;
			buildConfigurations = (
				64DC76991BB4DB0000A459CE /* Debug */,
				64DC769A1BB4DB0000A459CE /* Release */,
			);
			defaultConfigurationIsVisible = 0;
			defaultConfigurationName = Release;
		};
/* End XCConfigurationList section */

/* Begin XCVersionGroup section */
		64DC76711BB4DB0000A459CE /* COMP510___RE.xcdatamodeld */ = {
			isa = XCVersionGroup;
			children = (
				64DC76721BB4DB0000A459CE /* COMP510___RE.xcdatamodel */,
			);
			currentVersion = 64DC76721BB4DB0000A459CE /* COMP510___RE.xcdatamodel */;
			path = "COMP510___RE.xcdatamodeld";
			sourceTree = "<group>";
			versionGroupType = wrapper.xcdatamodel;
		};
/* End XCVersionGroup section */
	};
	rootObject = 64DC765F1BB4DB0000A459CE /* Project object */;
}
